
Microsoft Visual Studio Solution File, Format Version 12.00
# Visual Studio 14
VisualStudioVersion = 14.0.25420.1
MinimumVisualStudioVersion = 10.0.40219.1
Project("{FAE04EC0-301F-11D3-BF4B-00C04F79EFBC}") = "Train System Simulator", "Train System Simulator\Train System Simulator.csproj", "{0967D028-D1B4-46D7-A08D-8EE0ACFB1413}"
EndProject
Project("{FAE04EC0-301F-11D3-BF4B-00C04F79EFBC}") = "ProjectCSV", "ProjectCSV\ProjectCSV.csproj", "{2E3DF187-78B2-48D7-BF3B-9245D1154C18}"
EndProject
Project("{FAE04EC0-301F-11D3-BF4B-00C04F79EFBC}") = "ImportTrackSimulatorData", "ImportTrackSimulatorData\ImportTrackSimulatorData.csproj", "{98A4989A-D168-4BAE-BBF4-2D6D37B72AC6}"
EndProject
Project("{FAE04EC0-301F-11D3-BF4B-00C04F79EFBC}") = "SimulatorCore", "SimulatorCore\SimulatorCore.csproj", "{FCACF7BA-EA9D-4401-96C8-ECBC972B0A9A}"
EndProject
Project("{FAE04EC0-301F-11D3-BF4B-00C04F79EFBC}") = "Extensions", "Extensions\Extensions.csproj", "{4F7DCF9B-D38A-4657-8D87-8A0B87A99186}"
EndProject
Global
	GlobalSection(SolutionConfigurationPlatforms) = preSolution
		Debug|Any CPU = Debug|Any CPU
		Release|Any CPU = Release|Any CPU
	EndGlobalSection
	GlobalSection(ProjectConfigurationPlatforms) = postSolution
		{0967D028-D1B4-46D7-A08D-8EE0ACFB1413}.Debug|Any CPU.ActiveCfg = Debug|Any CPU
		{0967D028-D1B4-46D7-A08D-8EE0ACFB1413}.Debug|Any CPU.Build.0 = Debug|Any CPU
		{0967D028-D1B4-46D7-A08D-8EE0ACFB1413}.Release|Any CPU.ActiveCfg = Release|Any CPU
		{0967D028-D1B4-46D7-A08D-8EE0ACFB1413}.Release|Any CPU.Build.0 = Release|Any CPU
		{2E3DF187-78B2-48D7-BF3B-9245D1154C18}.Debug|Any CPU.ActiveCfg = Debug|Any CPU
		{2E3DF187-78B2-48D7-BF3B-9245D1154C18}.Debug|Any CPU.Build.0 = Debug|Any CPU
		{2E3DF187-78B2-48D7-BF3B-9245D1154C18}.Release|Any CPU.ActiveCfg = Release|Any CPU
		{2E3DF187-78B2-48D7-BF3B-9245D1154C18}.Release|Any CPU.Build.0 = Release|Any CPU
		{98A4989A-D168-4BAE-BBF4-2D6D37B72AC6}.Debug|Any CPU.ActiveCfg = Debug|Any CPU
		{98A4989A-D168-4BAE-BBF4-2D6D37B72AC6}.Debug|Any CPU.Build.0 = Debug|Any CPU
		{98A4989A-D168-4BAE-BBF4-2D6D37B72AC6}.Release|Any CPU.ActiveCfg = Release|Any CPU
		{98A4989A-D168-4BAE-BBF4-2D6D37B72AC6}.Release|Any CPU.Build.0 = Release|Any CPU
		{FCACF7BA-EA9D-4401-96C8-ECBC972B0A9A}.Debug|Any CPU.ActiveCfg = Debug|Any CPU
		{FCACF7BA-EA9D-4401-96C8-ECBC972B0A9A}.Debug|Any CPU.Build.0 = Debug|Any CPU
		{FCACF7BA-EA9D-4401-96C8-ECBC972B0A9A}.Release|Any CPU.ActiveCfg = Release|Any CPU
		{FCACF7BA-EA9D-4401-96C8-ECBC972B0A9A}.Release|Any CPU.Build.0 = Release|Any CPU
		{4F7DCF9B-D38A-4657-8D87-8A0B87A99186}.Debug|Any CPU.ActiveCfg = Debug|Any CPU
		{4F7DCF9B-D38A-4657-8D87-8A0B87A99186}.Debug|Any CPU.Build.0 = Debug|Any CPU
		{4F7DCF9B-D38A-4657-8D87-8A0B87A99186}.Release|Any CPU.ActiveCfg = Release|Any CPU
		{4F7DCF9B-D38A-4657-8D87-8A0B87A99186}.Release|Any CPU.Build.0 = Release|Any CPU
	EndGlobalSection
	GlobalSection(SolutionProperties) = preSolution
		HideSolutionNode = FALSE
	EndGlobalSection
EndGlobal
